{
    "_readme": [
        "This file locks the dependencies of your project to a known state",
        "Read more about it at https://getcomposer.org/doc/01-basic-usage.md#installing-dependencies",
        "This file is @generated automatically"
    ],
    "content-hash": "8962a753aec131028b3bfbfd9fc45323",
    "packages": [
        {
            "name": "javoscript/laravel-macroable-models",
            "version": "1.0.4",
            "source": {
                "type": "git",
                "url": "https://github.com/javoscript/laravel-macroable-models.git",
                "reference": "2ade1984f33362c0a304da6352f95c407d5c761f"
            },
            "dist": {
                "type": "zip",
                "url": "https://api.github.com/repos/javoscript/laravel-macroable-models/zipball/2ade1984f33362c0a304da6352f95c407d5c761f",
                "reference": "2ade1984f33362c0a304da6352f95c407d5c761f",
                "shasum": ""
            },
            "require-dev": {
                "orchestra/testbench": "^4.6",
                "phpunit/phpunit": "^8.5"
            },
            "type": "library",
            "extra": {
                "laravel": {
                    "providers": [
                        "Javoscript\\MacroableModels\\MacroableModelsServiceProvider"
                    ],
                    "aliases": {
                        "MacroableModels": "Javoscript\\MacroableModels\\Facades\\MacroableModels"
                    }
                }
            },
            "autoload": {
                "psr-4": {
                    "Javoscript\\MacroableModels\\": "src/"
                }
            },
            "notification-url": "https://packagist.org/downloads/",
            "license": [
                "MIT"
            ],
            "authors": [
                {
                    "name": "Javier Ugarte",
                    "email": "javougarte@gmail.com"
                }
            ],
            "description": "A package for adding methods to Laravel models on the fly",
            "support": {
                "issues": "https://github.com/javoscript/laravel-macroable-models/issues",
                "source": "https://github.com/javoscript/laravel-macroable-models/tree/1.0.4"
            },
            "time": "2020-03-10T01:19:26+00:00"
        }
    ],
    "packages-dev": [],
    "aliases": [],
    "minimum-stability": "stable",
    "stability-flags": [],
    "prefer-stable": false,
    "prefer-lowest": false,
    "platform": [],
    "platform-dev": [],
    "plugin-api-version": "2.1.0"
}
